{
  "name": "@ziine/design",
  "version": "1.0.0",
  "lockfileVersion": 3,
  "requires": true,
  "packages": {
    "": {
      "name": "@ziine/design",
      "version": "1.0.0",
      "license": "ISC",
      "dependencies": {
        "autoprefixer": "^10.4.20",
        "css-loader": "^7.1.2",
        "postcss": "^8.5.1",
        "postcss-loader": "^8.1.1",
        "prop-types": "^15.8.1",
        "react": "^19.0.0",
        "react-dom": "^19.0.0"
      },
      "devDependencies": {
        "@chromatic-com/storybook": "^3.2.4",
        "@pandacss/dev": "^0.51.1",
        "@storybook/addon-essentials": "^8.5.1",
        "@storybook/addon-interactions": "^8.5.1",
        "@storybook/addon-onboarding": "^8.5.1",
        "@storybook/blocks": "^8.5.1",
        "@storybook/nextjs": "^8.5.1",
        "@storybook/react": "^8.5.1",
        "@storybook/test": "^8.5.1",
        "@types/react": "^19.0.8",
        "@types/react-dom": "^19.0.3",
        "storybook": "^8.5.1",
        "typescript": "^5.7.3"
      }
    },
    "../../node_modules/.pnpm/@chromatic-com+storybook@3.2.4_react@19.0.0_storybook@8.5.1_prettier@3.4.2_/node_modules/@chromatic-com/storybook": {
      "version": "3.2.4",
      "dev": true,
      "license": "MIT",
      "dependencies": {
        "chromatic": "^11.15.0",
        "filesize": "^10.0.12",
        "jsonfile": "^6.1.0",
        "react-confetti": "^6.1.0",
        "strip-ansi": "^7.1.0"
      },
      "devDependencies": {
        "@auto-it/slack": "^11.2.1",
        "@emotion/weak-memoize": "^0.3.1",
        "@graphql-codegen/cli": "^5.0.3",
        "@graphql-typed-document-node/core": "^3.2.0",
        "@parcel/watcher": "^2.4.1",
        "@storybook/addon-actions": "^8.4.0-beta.5",
        "@storybook/addon-designs": "^8.0.0",
        "@storybook/addon-essentials": "^8.4.0-beta.5",
        "@storybook/addon-interactions": "^8.4.0-beta.5",
        "@storybook/addon-mdx-gfm": "^8.4.0-beta.5",
        "@storybook/blocks": "^8.4.0-beta.5",
        "@storybook/channels": "^8.4.0-beta.5",
        "@storybook/client-logger": "^8.4.0-beta.5",
        "@storybook/components": "^8.4.0-beta.5",
        "@storybook/core-events": "^8.4.0-beta.5",
        "@storybook/eslint-config-storybook": "^3.1.2",
        "@storybook/icons": "^1.2.8",
        "@storybook/manager": "^8.4.0-beta.5",
        "@storybook/manager-api": "^8.4.0-beta.5",
        "@storybook/preview": "^8.4.0-beta.5",
        "@storybook/react": "^8.4.0-beta.5",
        "@storybook/react-vite": "^8.4.0-beta.5",
        "@storybook/telemetry": "^8.4.0-beta.5",
        "@storybook/test": "^8.4.0-beta.5",
        "@storybook/testing-library": "^0.2.2",
        "@storybook/theming": "^8.4.0-beta.5",
        "@storybook/types": "^8.4.0-beta.5",
        "@types/jsonfile": "^6.1.1",
        "@types/node": "^18.15.0",
        "@types/pluralize": "^0.0.29",
        "@types/react": "^18.3.11",
        "@types/react-dom": "^18.3.0",
        "@typescript-eslint/eslint-plugin": "^5.59.11",
        "@typescript-eslint/parser": "^5.59.11",
        "@urql/exchange-auth": "^2.1.6",
        "@vitejs/plugin-react": "^3.1.0",
        "@vitest/coverage-v8": "^2.1.8",
        "auto": "^11.0.5",
        "boxen": "^5.0.1",
        "date-fns": "^2.30.0",
        "dedent": "^0.7.0",
        "eslint": "^8.42.0",
        "eslint-plugin-jest": "^27.2.1",
        "eslint-plugin-simple-import-sort": "^10.0.0",
        "eslint-plugin-storybook": "^0.6.15",
        "graphql": "^16.8.1",
        "msw": "^2.0.0",
        "msw-storybook-addon": "2.0.0--canary.122.b3ed3b1.0",
        "npm-run-all": "^4.1.5",
        "pluralize": "^8.0.0",
        "polished": "^4.2.2",
        "prettier": "^2.8.8",
        "prompts": "^2.4.2",
        "prop-types": "^15.8.1",
        "react": "^18.3.1",
        "react-dom": "^18.3.1",
        "react-joyride": "^2.7.2",
        "rimraf": "^3.0.2",
        "storybook": "^8.4.0-beta.5",
        "ts-dedent": "^2.2.0",
        "tsup": "^6.6.3",
        "typescript": "^4.9.5",
        "urql": "^4.0.3",
        "uuid": "^9.0.0",
        "vite": "^4.1.4",
        "vite-plugin-environment": "^1.1.3",
        "vite-plugin-turbosnap": "^1.0.3",
        "vitest": "^2.1.8",
        "zod": "^3.22.2",
        "zx": "^1.14.1"
      },
      "engines": {
        "node": ">=16.0.0",
        "yarn": ">=1.22.18"
      },
      "peerDependencies": {
        "storybook": "^8.2.0 || ^8.3.0-0 || ^8.4.0-0 || ^8.5.0-0 || ^8.6.0-0"
      }
    },
    "../../node_modules/.pnpm/@pandacss+dev@0.51.1_typescript@5.7.3/node_modules/@pandacss/dev": {
      "version": "0.51.1",
      "dev": true,
      "dependencies": {
        "@clack/prompts": "0.7.0",
        "@pandacss/config": "0.51.1",
        "@pandacss/logger": "0.51.1",
        "@pandacss/node": "0.51.1",
        "@pandacss/postcss": "0.51.1",
        "@pandacss/preset-panda": "0.51.1",
        "@pandacss/shared": "0.51.1",
        "@pandacss/token-dictionary": "0.51.1",
        "@pandacss/types": "0.51.1",
        "cac": "6.7.14"
      },
      "bin": {
        "panda": "bin.js",
        "pandacss": "bin.js"
      },
      "devDependencies": {
        "@types/update-notifier": "6.0.8",
        "kleur": "4.1.5",
        "update-notifier": "7.0.0"
      }
    },
    "../../node_modules/.pnpm/@storybook+addon-essentials@8.5.1_@types+react@19.0.8_storybook@8.5.1_prettier@3.4.2_/node_modules/@storybook/addon-essentials": {
      "version": "8.5.1",
      "dev": true,
      "license": "MIT",
      "dependencies": {
        "@storybook/addon-actions": "8.5.1",
        "@storybook/addon-backgrounds": "8.5.1",
        "@storybook/addon-controls": "8.5.1",
        "@storybook/addon-docs": "8.5.1",
        "@storybook/addon-highlight": "8.5.1",
        "@storybook/addon-measure": "8.5.1",
        "@storybook/addon-outline": "8.5.1",
        "@storybook/addon-toolbars": "8.5.1",
        "@storybook/addon-viewport": "8.5.1",
        "ts-dedent": "^2.0.0"
      },
      "devDependencies": {
        "typescript": "^5.3.2"
      },
      "funding": {
        "type": "opencollective",
        "url": "https://opencollective.com/storybook"
      },
      "peerDependencies": {
        "storybook": "^8.5.1"
      }
    },
    "../../node_modules/.pnpm/@storybook+addon-interactions@8.5.1_storybook@8.5.1_prettier@3.4.2_/node_modules/@storybook/addon-interactions": {
      "version": "8.5.1",
      "dev": true,
      "license": "MIT",
      "dependencies": {
        "@storybook/global": "^5.0.0",
        "@storybook/instrumenter": "8.5.1",
        "@storybook/test": "8.5.1",
        "polished": "^4.2.2",
        "ts-dedent": "^2.2.0"
      },
      "devDependencies": {
        "@devtools-ds/object-inspector": "^1.1.2",
        "@storybook/icons": "^1.2.5",
        "@types/node": "^22.0.0",
        "ansi-to-html": "^0.7.2",
        "formik": "^2.2.9",
        "react": "^18.2.0",
        "react-dom": "^18.2.0",
        "typescript": "^5.3.2"
      },
      "funding": {
        "type": "opencollective",
        "url": "https://opencollective.com/storybook"
      },
      "peerDependencies": {
        "storybook": "^8.5.1"
      }
    },
    "../../node_modules/.pnpm/@storybook+addon-onboarding@8.5.1_storybook@8.5.1_prettier@3.4.2_/node_modules/@storybook/addon-onboarding": {
      "version": "8.5.1",
      "dev": true,
      "license": "MIT",
      "devDependencies": {
        "@neoconfetti/react": "^1.0.0",
        "@radix-ui/react-dialog": "^1.0.5",
        "@storybook/icons": "^1.2.12",
        "@storybook/react": "8.5.1",
        "framer-motion": "^11.0.3",
        "react": "^18.2.0",
        "react-dom": "^18.2.0",
        "react-joyride": "^2.8.2",
        "react-use-measure": "^2.1.1",
        "typescript": "^5.3.2"
      },
      "funding": {
        "type": "opencollective",
        "url": "https://opencollective.com/storybook"
      },
      "peerDependencies": {
        "storybook": "^8.5.1"
      }
    },
    "../../node_modules/.pnpm/@storybook+blocks@8.5.1_react-dom@19.0.0_react@19.0.0__react@19.0.0_storybook@8.5.1_prettier@3.4.2_/node_modules/@storybook/blocks": {
      "version": "8.5.1",
      "dev": true,
      "license": "MIT",
      "dependencies": {
        "@storybook/csf": "0.1.12",
        "@storybook/icons": "^1.2.12",
        "ts-dedent": "^2.0.0"
      },
      "devDependencies": {
        "@storybook/addon-actions": "8.5.1",
        "@storybook/react": "8.5.1",
        "@storybook/test": "8.5.1",
        "@types/color-convert": "^2.0.0",
        "color-convert": "^2.0.1",
        "es-toolkit": "^1.22.0",
        "markdown-to-jsx": "^7.4.5",
        "memoizerific": "^1.11.3",
        "polished": "^4.2.2",
        "react-colorful": "^5.1.2",
        "telejson": "^7.2.0",
        "tocbot": "^4.20.1"
      },
      "funding": {
        "type": "opencollective",
        "url": "https://opencollective.com/storybook"
      },
      "peerDependencies": {
        "react": "^16.8.0 || ^17.0.0 || ^18.0.0 || ^19.0.0-beta",
        "react-dom": "^16.8.0 || ^17.0.0 || ^18.0.0 || ^19.0.0-beta",
        "storybook": "^8.5.1"
      },
      "peerDependenciesMeta": {
        "react": {
          "optional": true
        },
        "react-dom": {
          "optional": true
        }
      }
    },
    "../../node_modules/.pnpm/@storybook+nextjs@8.5.1_esbuild@0.20.2_next@15.1.6_@babel+core@7.26.7_react-dom@19.0.0__154b31bee9b6dfc7d745f85cbd5e2697/node_modules/@storybook/nextjs": {
      "version": "8.5.1",
      "dev": true,
      "license": "MIT",
      "dependencies": {
        "@babel/core": "^7.24.4",
        "@babel/plugin-syntax-bigint": "^7.8.3",
        "@babel/plugin-syntax-dynamic-import": "^7.8.3",
        "@babel/plugin-syntax-import-assertions": "^7.24.1",
        "@babel/plugin-transform-class-properties": "^7.24.1",
        "@babel/plugin-transform-export-namespace-from": "^7.24.1",
        "@babel/plugin-transform-numeric-separator": "^7.24.1",
        "@babel/plugin-transform-object-rest-spread": "^7.24.1",
        "@babel/plugin-transform-runtime": "^7.24.3",
        "@babel/preset-env": "^7.24.4",
        "@babel/preset-react": "^7.24.1",
        "@babel/preset-typescript": "^7.24.1",
        "@babel/runtime": "^7.24.4",
        "@pmmmwh/react-refresh-webpack-plugin": "^0.5.11",
        "@storybook/builder-webpack5": "8.5.1",
        "@storybook/preset-react-webpack": "8.5.1",
        "@storybook/react": "8.5.1",
        "@storybook/test": "8.5.1",
        "@types/semver": "^7.3.4",
        "babel-loader": "^9.1.3",
        "css-loader": "^6.7.3",
        "find-up": "^5.0.0",
        "image-size": "^1.0.0",
        "loader-utils": "^3.2.1",
        "node-polyfill-webpack-plugin": "^2.0.1",
        "pnp-webpack-plugin": "^1.7.0",
        "postcss": "^8.4.38",
        "postcss-loader": "^8.1.1",
        "react-refresh": "^0.14.0",
        "resolve-url-loader": "^5.0.0",
        "sass-loader": "^14.2.1",
        "semver": "^7.3.5",
        "style-loader": "^3.3.1",
        "styled-jsx": "^5.1.6",
        "ts-dedent": "^2.0.0",
        "tsconfig-paths": "^4.0.0",
        "tsconfig-paths-webpack-plugin": "^4.0.1"
      },
      "devDependencies": {
        "@babel/types": "^7.24.0",
        "@types/babel__core": "^7",
        "@types/babel__plugin-transform-runtime": "^7",
        "@types/babel__preset-env": "^7",
        "@types/loader-utils": "^2.0.5",
        "@types/node": "^22.0.0",
        "@types/react-refresh": "^0",
        "next": "^15.0.3",
        "typescript": "^5.3.2",
        "webpack": "^5.65.0"
      },
      "engines": {
        "node": ">=18.0.0"
      },
      "funding": {
        "type": "opencollective",
        "url": "https://opencollective.com/storybook"
      },
      "optionalDependencies": {
        "sharp": "^0.33.3"
      },
      "peerDependencies": {
        "next": "^13.5.0 || ^14.0.0 || ^15.0.0",
        "react": "^16.8.0 || ^17.0.0 || ^18.0.0 || ^19.0.0-beta",
        "react-dom": "^16.8.0 || ^17.0.0 || ^18.0.0 || ^19.0.0-beta",
        "storybook": "^8.5.1",
        "webpack": "^5.0.0"
      },
      "peerDependenciesMeta": {
        "typescript": {
          "optional": true
        },
        "webpack": {
          "optional": true
        }
      }
    },
    "../../node_modules/.pnpm/@storybook+react@8.5.1_@storybook+test@8.5.1_storybook@8.5.1_prettier@3.4.2___react-dom_4d227e2be3a5e7d89b1d1e2b9b5b8b71/node_modules/@storybook/react": {
      "version": "8.5.1",
      "dev": true,
      "license": "MIT",
      "dependencies": {
        "@storybook/components": "8.5.1",
        "@storybook/global": "^5.0.0",
        "@storybook/manager-api": "8.5.1",
        "@storybook/preview-api": "8.5.1",
        "@storybook/react-dom-shim": "8.5.1",
        "@storybook/theming": "8.5.1"
      },
      "devDependencies": {
        "@storybook/test": "8.5.1",
        "@types/babel-plugin-react-docgen": "^4",
        "@types/escodegen": "^0.0.6",
        "@types/estree": "^0.0.51",
        "@types/node": "^22.0.0",
        "@types/semver": "^7.3.4",
        "acorn": "^7.4.1",
        "acorn-jsx": "^5.3.1",
        "acorn-walk": "^7.2.0",
        "babel-plugin-react-docgen": "^4.2.1",
        "es-toolkit": "^1.22.0",
        "escodegen": "^2.1.0",
        "expect-type": "^0.15.0",
        "html-tags": "^3.1.0",
        "prop-types": "^15.7.2",
        "react-element-to-jsx-string": "^15.0.0",
        "require-from-string": "^2.0.2",
        "semver": "^7.3.7",
        "ts-dedent": "^2.0.0",
        "type-fest": "~2.19"
      },
      "engines": {
        "node": ">=18.0.0"
      },
      "funding": {
        "type": "opencollective",
        "url": "https://opencollective.com/storybook"
      },
      "peerDependencies": {
        "@storybook/test": "8.5.1",
        "react": "^16.8.0 || ^17.0.0 || ^18.0.0 || ^19.0.0-beta",
        "react-dom": "^16.8.0 || ^17.0.0 || ^18.0.0 || ^19.0.0-beta",
        "storybook": "^8.5.1",
        "typescript": ">= 4.2.x"
      },
      "peerDependenciesMeta": {
        "@storybook/test": {
          "optional": true
        },
        "typescript": {
          "optional": true
        }
      }
    },
    "../../node_modules/.pnpm/@storybook+test@8.5.1_storybook@8.5.1_prettier@3.4.2_/node_modules/@storybook/test": {
      "version": "8.5.1",
      "dev": true,
      "license": "MIT",
      "dependencies": {
        "@storybook/csf": "0.1.12",
        "@storybook/global": "^5.0.0",
        "@storybook/instrumenter": "8.5.1",
        "@testing-library/dom": "10.4.0",
        "@testing-library/jest-dom": "6.5.0",
        "@testing-library/user-event": "14.5.2",
        "@vitest/expect": "2.0.5",
        "@vitest/spy": "2.0.5"
      },
      "devDependencies": {
        "chai": "^5.1.1",
        "tinyspy": "^3.0.0",
        "ts-dedent": "^2.2.0",
        "type-fest": "~2.19",
        "typescript": "^5.3.2"
      },
      "funding": {
        "type": "opencollective",
        "url": "https://opencollective.com/storybook"
      },
      "peerDependencies": {
        "storybook": "^8.5.1"
      }
    },
    "../../node_modules/.pnpm/@types+react-dom@19.0.3_@types+react@19.0.8/node_modules/@types/react-dom": {
      "version": "19.0.3",
      "extraneous": true,
      "license": "MIT",
      "peerDependencies": {
        "@types/react": "^19.0.0"
      }
    },
    "../../node_modules/.pnpm/@types+react@19.0.8/node_modules/@types/react": {
      "version": "19.0.8",
      "extraneous": true,
      "license": "MIT",
      "dependencies": {
        "csstype": "^3.0.2"
      }
    },
    "../../node_modules/.pnpm/prop-types@15.8.1/node_modules/prop-types": {
      "version": "15.8.1",
      "license": "MIT",
      "dependencies": {
        "loose-envify": "^1.4.0",
        "object-assign": "^4.1.1",
        "react-is": "^16.13.1"
      },
      "devDependencies": {
        "babel-jest": "^19.0.0",
        "babel-preset-react": "^6.24.1",
        "browserify": "^16.5.0",
        "bundle-collapser": "^1.4.0",
        "eslint": "^8.6.0",
        "in-publish": "^2.0.1",
        "jest": "^19.0.2",
        "react": "^15.7.0",
        "uglifyify": "^5.0.2",
        "uglifyjs": "^2.4.11"
      }
    },
    "../../node_modules/.pnpm/react-dom@19.0.0_react@19.0.0/node_modules/react-dom": {
      "version": "19.0.0",
      "extraneous": true,
      "license": "MIT",
      "dependencies": {
        "scheduler": "^0.25.0"
      },
      "peerDependencies": {
        "react": "^19.0.0"
      }
    },
    "../../node_modules/.pnpm/react@19.0.0/node_modules/react": {
      "version": "19.0.0",
      "extraneous": true,
      "license": "MIT",
      "engines": {
        "node": ">=0.10.0"
      }
    },
    "../../node_modules/.pnpm/storybook@8.5.1_prettier@3.4.2/node_modules/storybook": {
      "version": "8.5.1",
      "dev": true,
      "license": "MIT",
      "dependencies": {
        "@storybook/core": "8.5.1"
      },
      "bin": {
        "getstorybook": "bin/index.cjs",
        "sb": "bin/index.cjs",
        "storybook": "bin/index.cjs"
      },
      "devDependencies": {
        "typescript": "^5.3.2"
      },
      "funding": {
        "type": "opencollective",
        "url": "https://opencollective.com/storybook"
      },
      "peerDependencies": {
        "prettier": "^2 || ^3"
      },
      "peerDependenciesMeta": {
        "prettier": {
          "optional": true
        }
      }
    },
    "node_modules/@babel/code-frame": {
      "version": "7.26.2",
      "resolved": "https://registry.npmjs.org/@babel/code-frame/-/code-frame-7.26.2.tgz",
      "integrity": "sha512-RJlIHRueQgwWitWgF8OdFYGZX328Ax5BCemNGlqHfplnRT9ESi8JkFlvaVYbS+UubVY6dpv87Fs2u5M29iNFVQ==",
      "license": "MIT",
      "dependencies": {
        "@babel/helper-validator-identifier": "^7.25.9",
        "js-tokens": "^4.0.0",
        "picocolors": "^1.0.0"
      },
      "engines": {
        "node": ">=6.9.0"
      }
    },
    "node_modules/@babel/helper-validator-identifier": {
      "version": "7.25.9",
      "resolved": "https://registry.npmjs.org/@babel/helper-validator-identifier/-/helper-validator-identifier-7.25.9.tgz",
      "integrity": "sha512-Ed61U6XJc3CVRfkERJWDz4dJwKe7iLmmJsbOGu9wSloNSFttHV0I8g6UAgb7qnK5ly5bGLPd4oXZlxCdANBOWQ==",
      "license": "MIT",
      "engines": {
        "node": ">=6.9.0"
      }
    },
    "node_modules/@chromatic-com/storybook": {
      "resolved": "../../node_modules/.pnpm/@chromatic-com+storybook@3.2.4_react@19.0.0_storybook@8.5.1_prettier@3.4.2_/node_modules/@chromatic-com/storybook",
      "link": true
    },
    "node_modules/@pandacss/dev": {
      "resolved": "../../node_modules/.pnpm/@pandacss+dev@0.51.1_typescript@5.7.3/node_modules/@pandacss/dev",
      "link": true
    },
    "node_modules/@storybook/addon-essentials": {
      "resolved": "../../node_modules/.pnpm/@storybook+addon-essentials@8.5.1_@types+react@19.0.8_storybook@8.5.1_prettier@3.4.2_/node_modules/@storybook/addon-essentials",
      "link": true
    },
    "node_modules/@storybook/addon-interactions": {
      "resolved": "../../node_modules/.pnpm/@storybook+addon-interactions@8.5.1_storybook@8.5.1_prettier@3.4.2_/node_modules/@storybook/addon-interactions",
      "link": true
    },
    "node_modules/@storybook/addon-onboarding": {
      "resolved": "../../node_modules/.pnpm/@storybook+addon-onboarding@8.5.1_storybook@8.5.1_prettier@3.4.2_/node_modules/@storybook/addon-onboarding",
      "link": true
    },
    "node_modules/@storybook/blocks": {
      "resolved": "../../node_modules/.pnpm/@storybook+blocks@8.5.1_react-dom@19.0.0_react@19.0.0__react@19.0.0_storybook@8.5.1_prettier@3.4.2_/node_modules/@storybook/blocks",
      "link": true
    },
    "node_modules/@storybook/nextjs": {
      "resolved": "../../node_modules/.pnpm/@storybook+nextjs@8.5.1_esbuild@0.20.2_next@15.1.6_@babel+core@7.26.7_react-dom@19.0.0__154b31bee9b6dfc7d745f85cbd5e2697/node_modules/@storybook/nextjs",
      "link": true
    },
    "node_modules/@storybook/react": {
      "resolved": "../../node_modules/.pnpm/@storybook+react@8.5.1_@storybook+test@8.5.1_storybook@8.5.1_prettier@3.4.2___react-dom_4d227e2be3a5e7d89b1d1e2b9b5b8b71/node_modules/@storybook/react",
      "link": true
    },
    "node_modules/@storybook/test": {
      "resolved": "../../node_modules/.pnpm/@storybook+test@8.5.1_storybook@8.5.1_prettier@3.4.2_/node_modules/@storybook/test",
      "link": true
    },
    "node_modules/@types/react": {
      "version": "19.0.8",
      "resolved": "https://registry.npmjs.org/@types/react/-/react-19.0.8.tgz",
      "integrity": "sha512-9P/o1IGdfmQxrujGbIMDyYaaCykhLKc0NGCtYcECNUr9UAaDe4gwvV9bR6tvd5Br1SG0j+PBpbKr2UYY8CwqSw==",
      "dev": true,
      "license": "MIT",
      "dependencies": {
        "csstype": "^3.0.2"
      }
    },
    "node_modules/@types/react-dom": {
      "version": "19.0.3",
      "resolved": "https://registry.npmjs.org/@types/react-dom/-/react-dom-19.0.3.tgz",
      "integrity": "sha512-0Knk+HJiMP/qOZgMyNFamlIjw9OFCsyC2ZbigmEEyXXixgre6IQpm/4V+r3qH4GC1JPvRJKInw+on2rV6YZLeA==",
      "dev": true,
      "license": "MIT",
      "peerDependencies": {
        "@types/react": "^19.0.0"
      }
    },
    "node_modules/argparse": {
      "version": "2.0.1",
      "resolved": "https://registry.npmjs.org/argparse/-/argparse-2.0.1.tgz",
      "integrity": "sha512-8+9WqebbFzpX9OR+Wa6O29asIogeRMzcGtAINdpMHHyAg10f05aSFVBbcEqGf/PXw1EjAZ+q2/bEBg3DvurK3Q==",
      "license": "Python-2.0"
    },
    "node_modules/autoprefixer": {
      "version": "10.4.20",
      "resolved": "https://registry.npmjs.org/autoprefixer/-/autoprefixer-10.4.20.tgz",
      "integrity": "sha512-XY25y5xSv/wEoqzDyXXME4AFfkZI0P23z6Fs3YgymDnKJkCGOnkL0iTxCa85UTqaSgfcqyf3UA6+c7wUvx/16g==",
      "funding": [
        {
          "type": "opencollective",
          "url": "https://opencollective.com/postcss/"
        },
        {
          "type": "tidelift",
          "url": "https://tidelift.com/funding/github/npm/autoprefixer"
        },
        {
          "type": "github",
          "url": "https://github.com/sponsors/ai"
        }
      ],
      "license": "MIT",
      "dependencies": {
        "browserslist": "^4.23.3",
        "caniuse-lite": "^1.0.30001646",
        "fraction.js": "^4.3.7",
        "normalize-range": "^0.1.2",
        "picocolors": "^1.0.1",
        "postcss-value-parser": "^4.2.0"
      },
      "bin": {
        "autoprefixer": "bin/autoprefixer"
      },
      "engines": {
        "node": "^10 || ^12 || >=14"
      },
      "peerDependencies": {
        "postcss": "^8.1.0"
      }
    },
    "node_modules/browserslist": {
      "version": "4.24.4",
      "resolved": "https://registry.npmjs.org/browserslist/-/browserslist-4.24.4.tgz",
      "integrity": "sha512-KDi1Ny1gSePi1vm0q4oxSF8b4DR44GF4BbmS2YdhPLOEqd8pDviZOGH/GsmRwoWJ2+5Lr085X7naowMwKHDG1A==",
      "funding": [
        {
          "type": "opencollective",
          "url": "https://opencollective.com/browserslist"
        },
        {
          "type": "tidelift",
          "url": "https://tidelift.com/funding/github/npm/browserslist"
        },
        {
          "type": "github",
          "url": "https://github.com/sponsors/ai"
        }
      ],
      "license": "MIT",
      "dependencies": {
        "caniuse-lite": "^1.0.30001688",
        "electron-to-chromium": "^1.5.73",
        "node-releases": "^2.0.19",
        "update-browserslist-db": "^1.1.1"
      },
      "bin": {
        "browserslist": "cli.js"
      },
      "engines": {
        "node": "^6 || ^7 || ^8 || ^9 || ^10 || ^11 || ^12 || >=13.7"
      }
    },
    "node_modules/callsites": {
      "version": "3.1.0",
      "resolved": "https://registry.npmjs.org/callsites/-/callsites-3.1.0.tgz",
      "integrity": "sha512-P8BjAsXvZS+VIDUI11hHCQEv74YT67YUi5JJFNWIqL235sBmjX4+qx9Muvls5ivyNENctx46xQLQ3aTuE7ssaQ==",
      "license": "MIT",
      "engines": {
        "node": ">=6"
      }
    },
    "node_modules/caniuse-lite": {
      "version": "1.0.30001698",
      "resolved": "https://registry.npmjs.org/caniuse-lite/-/caniuse-lite-1.0.30001698.tgz",
      "integrity": "sha512-xJ3km2oiG/MbNU8G6zIq6XRZ6HtAOVXsbOrP/blGazi52kc5Yy7b6sDA5O+FbROzRrV7BSTllLHuNvmawYUJjw==",
      "funding": [
        {
          "type": "opencollective",
          "url": "https://opencollective.com/browserslist"
        },
        {
          "type": "tidelift",
          "url": "https://tidelift.com/funding/github/npm/caniuse-lite"
        },
        {
          "type": "github",
          "url": "https://github.com/sponsors/ai"
        }
      ],
      "license": "CC-BY-4.0"
    },
    "node_modules/cosmiconfig": {
      "version": "9.0.0",
      "resolved": "https://registry.npmjs.org/cosmiconfig/-/cosmiconfig-9.0.0.tgz",
      "integrity": "sha512-itvL5h8RETACmOTFc4UfIyB2RfEHi71Ax6E/PivVxq9NseKbOWpeyHEOIbmAw1rs8Ak0VursQNww7lf7YtUwzg==",
      "license": "MIT",
      "dependencies": {
        "env-paths": "^2.2.1",
        "import-fresh": "^3.3.0",
        "js-yaml": "^4.1.0",
        "parse-json": "^5.2.0"
      },
      "engines": {
        "node": ">=14"
      },
      "funding": {
        "url": "https://github.com/sponsors/d-fischer"
      },
      "peerDependencies": {
        "typescript": ">=4.9.5"
      },
      "peerDependenciesMeta": {
        "typescript": {
          "optional": true
        }
      }
    },
    "node_modules/css-loader": {
      "version": "7.1.2",
      "resolved": "https://registry.npmjs.org/css-loader/-/css-loader-7.1.2.tgz",
      "integrity": "sha512-6WvYYn7l/XEGN8Xu2vWFt9nVzrCn39vKyTEFf/ExEyoksJjjSZV/0/35XPlMbpnr6VGhZIUg5yJrL8tGfes/FA==",
      "license": "MIT",
      "dependencies": {
        "icss-utils": "^5.1.0",
        "postcss": "^8.4.33",
        "postcss-modules-extract-imports": "^3.1.0",
        "postcss-modules-local-by-default": "^4.0.5",
        "postcss-modules-scope": "^3.2.0",
        "postcss-modules-values": "^4.0.0",
        "postcss-value-parser": "^4.2.0",
        "semver": "^7.5.4"
      },
      "engines": {
        "node": ">= 18.12.0"
      },
      "funding": {
        "type": "opencollective",
        "url": "https://opencollective.com/webpack"
      },
      "peerDependencies": {
        "@rspack/core": "0.x || 1.x",
        "webpack": "^5.27.0"
      },
      "peerDependenciesMeta": {
        "@rspack/core": {
          "optional": true
        },
        "webpack": {
          "optional": true
        }
      }
    },
    "node_modules/cssesc": {
      "version": "3.0.0",
      "resolved": "https://registry.npmjs.org/cssesc/-/cssesc-3.0.0.tgz",
      "integrity": "sha512-/Tb/JcjK111nNScGob5MNtsntNM1aCNUDipB/TkwZFhyDrrE47SOx/18wF2bbjgc3ZzCSKW1T5nt5EbFoAz/Vg==",
      "license": "MIT",
      "bin": {
        "cssesc": "bin/cssesc"
      },
      "engines": {
        "node": ">=4"
      }
    },
    "node_modules/csstype": {
      "version": "3.1.3",
      "resolved": "https://registry.npmjs.org/csstype/-/csstype-3.1.3.tgz",
      "integrity": "sha512-M1uQkMl8rQK/szD0LNhtqxIPLpimGm8sOBwU7lLnCpSbTyY3yeU1Vc7l4KT5zT4s/yOxHH5O7tIuuLOCnLADRw==",
      "dev": true,
      "license": "MIT"
    },
    "node_modules/electron-to-chromium": {
      "version": "1.5.96",
      "resolved": "https://registry.npmjs.org/electron-to-chromium/-/electron-to-chromium-1.5.96.tgz",
      "integrity": "sha512-8AJUW6dh75Fm/ny8+kZKJzI1pgoE8bKLZlzDU2W1ENd+DXKJrx7I7l9hb8UWR4ojlnb5OlixMt00QWiYJoVw1w==",
      "license": "ISC"
    },
    "node_modules/env-paths": {
      "version": "2.2.1",
      "resolved": "https://registry.npmjs.org/env-paths/-/env-paths-2.2.1.tgz",
      "integrity": "sha512-+h1lkLKhZMTYjog1VEpJNG7NZJWcuc2DDk/qsqSTRRCOXiLjeQ1d1/udrUGhqMxUgAlwKNZ0cf2uqan5GLuS2A==",
      "license": "MIT",
      "engines": {
        "node": ">=6"
      }
    },
    "node_modules/error-ex": {
      "version": "1.3.2",
      "resolved": "https://registry.npmjs.org/error-ex/-/error-ex-1.3.2.tgz",
      "integrity": "sha512-7dFHNmqeFSEt2ZBsCriorKnn3Z2pj+fd9kmI6QoWw4//DL+icEBfc0U7qJCisqrTsKTjw4fNFy2pW9OqStD84g==",
      "license": "MIT",
      "dependencies": {
        "is-arrayish": "^0.2.1"
      }
    },
    "node_modules/escalade": {
      "version": "3.2.0",
      "resolved": "https://registry.npmjs.org/escalade/-/escalade-3.2.0.tgz",
      "integrity": "sha512-WUj2qlxaQtO4g6Pq5c29GTcWGDyd8itL8zTlipgECz3JesAiiOKotd8JU6otB3PACgG6xkJUyVhboMS+bje/jA==",
      "license": "MIT",
      "engines": {
        "node": ">=6"
      }
    },
    "node_modules/fraction.js": {
      "version": "4.3.7",
      "resolved": "https://registry.npmjs.org/fraction.js/-/fraction.js-4.3.7.tgz",
      "integrity": "sha512-ZsDfxO51wGAXREY55a7la9LScWpwv9RxIrYABrlvOFBlH/ShPnrtsXeuUIfXKKOVicNxQ+o8JTbJvjS4M89yew==",
      "license": "MIT",
      "engines": {
        "node": "*"
      },
      "funding": {
        "type": "patreon",
        "url": "https://github.com/sponsors/rawify"
      }
    },
    "node_modules/icss-utils": {
      "version": "5.1.0",
      "resolved": "https://registry.npmjs.org/icss-utils/-/icss-utils-5.1.0.tgz",
      "integrity": "sha512-soFhflCVWLfRNOPU3iv5Z9VUdT44xFRbzjLsEzSr5AQmgqPMTHdU3PMT1Cf1ssx8fLNJDA1juftYl+PUcv3MqA==",
      "license": "ISC",
      "engines": {
        "node": "^10 || ^12 || >= 14"
      },
      "peerDependencies": {
        "postcss": "^8.1.0"
      }
    },
    "node_modules/import-fresh": {
      "version": "3.3.1",
      "resolved": "https://registry.npmjs.org/import-fresh/-/import-fresh-3.3.1.tgz",
      "integrity": "sha512-TR3KfrTZTYLPB6jUjfx6MF9WcWrHL9su5TObK4ZkYgBdWKPOFoSoQIdEuTuR82pmtxH2spWG9h6etwfr1pLBqQ==",
      "license": "MIT",
      "dependencies": {
        "parent-module": "^1.0.0",
        "resolve-from": "^4.0.0"
      },
      "engines": {
        "node": ">=6"
      },
      "funding": {
        "url": "https://github.com/sponsors/sindresorhus"
      }
    },
    "node_modules/is-arrayish": {
      "version": "0.2.1",
      "resolved": "https://registry.npmjs.org/is-arrayish/-/is-arrayish-0.2.1.tgz",
      "integrity": "sha512-zz06S8t0ozoDXMG+ube26zeCTNXcKIPJZJi8hBrF4idCLms4CG9QtK7qBl1boi5ODzFpjswb5JPmHCbMpjaYzg==",
      "license": "MIT"
    },
    "node_modules/jiti": {
      "version": "1.21.7",
      "resolved": "https://registry.npmjs.org/jiti/-/jiti-1.21.7.tgz",
      "integrity": "sha512-/imKNG4EbWNrVjoNC/1H5/9GFy+tqjGBHCaSsN+P2RnPqjsLmv6UD3Ej+Kj8nBWaRAwyk7kK5ZUc+OEatnTR3A==",
      "license": "MIT",
      "bin": {
        "jiti": "bin/jiti.js"
      }
    },
    "node_modules/js-tokens": {
      "version": "4.0.0",
      "resolved": "https://registry.npmjs.org/js-tokens/-/js-tokens-4.0.0.tgz",
      "integrity": "sha512-RdJUflcE3cUzKiMqQgsCu06FPu9UdIJO0beYbPhHN4k6apgJtifcoCtT9bcxOpYBtpD2kCM6Sbzg4CausW/PKQ==",
      "license": "MIT"
    },
    "node_modules/js-yaml": {
      "version": "4.1.0",
      "resolved": "https://registry.npmjs.org/js-yaml/-/js-yaml-4.1.0.tgz",
      "integrity": "sha512-wpxZs9NoxZaJESJGIZTyDEaYpl0FKSA+FB9aJiyemKhMwkxQg63h4T1KJgUGHpTqPDNRcmmYLugrRjJlBtWvRA==",
      "license": "MIT",
      "dependencies": {
        "argparse": "^2.0.1"
      },
      "bin": {
        "js-yaml": "bin/js-yaml.js"
      }
    },
    "node_modules/json-parse-even-better-errors": {
      "version": "2.3.1",
      "resolved": "https://registry.npmjs.org/json-parse-even-better-errors/-/json-parse-even-better-errors-2.3.1.tgz",
      "integrity": "sha512-xyFwyhro/JEof6Ghe2iz2NcXoj2sloNsWr/XsERDK/oiPCfaNhl5ONfp+jQdAZRQQ0IJWNzH9zIZF7li91kh2w==",
      "license": "MIT"
    },
    "node_modules/lines-and-columns": {
      "version": "1.2.4",
      "resolved": "https://registry.npmjs.org/lines-and-columns/-/lines-and-columns-1.2.4.tgz",
      "integrity": "sha512-7ylylesZQ/PV29jhEDl3Ufjo6ZX7gCqJr5F7PKrqc93v7fzSymt1BpwEU8nAUXs8qzzvqhbjhK5QZg6Mt/HkBg==",
      "license": "MIT"
    },
    "node_modules/nanoid": {
      "version": "3.3.8",
      "resolved": "https://registry.npmjs.org/nanoid/-/nanoid-3.3.8.tgz",
      "integrity": "sha512-WNLf5Sd8oZxOm+TzppcYk8gVOgP+l58xNy58D0nbUnOxOWRWvlcCV4kUF7ltmI6PsrLl/BgKEyS4mqsGChFN0w==",
      "funding": [
        {
          "type": "github",
          "url": "https://github.com/sponsors/ai"
        }
      ],
      "license": "MIT",
      "bin": {
        "nanoid": "bin/nanoid.cjs"
      },
      "engines": {
        "node": "^10 || ^12 || ^13.7 || ^14 || >=15.0.1"
      }
    },
    "node_modules/node-releases": {
      "version": "2.0.19",
      "resolved": "https://registry.npmjs.org/node-releases/-/node-releases-2.0.19.tgz",
      "integrity": "sha512-xxOWJsBKtzAq7DY0J+DTzuz58K8e7sJbdgwkbMWQe8UYB6ekmsQ45q0M/tJDsGaZmbC+l7n57UV8Hl5tHxO9uw==",
      "license": "MIT"
    },
    "node_modules/normalize-range": {
      "version": "0.1.2",
      "resolved": "https://registry.npmjs.org/normalize-range/-/normalize-range-0.1.2.tgz",
      "integrity": "sha512-bdok/XvKII3nUpklnV6P2hxtMNrCboOjAcyBuQnWEhO665FwrSNRxU+AqpsyvO6LgGYPspN+lu5CLtw4jPRKNA==",
      "license": "MIT",
      "engines": {
        "node": ">=0.10.0"
      }
    },
    "node_modules/parent-module": {
      "version": "1.0.1",
      "resolved": "https://registry.npmjs.org/parent-module/-/parent-module-1.0.1.tgz",
      "integrity": "sha512-GQ2EWRpQV8/o+Aw8YqtfZZPfNRWZYkbidE9k5rpl/hC3vtHHBfGm2Ifi6qWV+coDGkrUKZAxE3Lot5kcsRlh+g==",
      "license": "MIT",
      "dependencies": {
        "callsites": "^3.0.0"
      },
      "engines": {
        "node": ">=6"
      }
    },
    "node_modules/parse-json": {
      "version": "5.2.0",
      "resolved": "https://registry.npmjs.org/parse-json/-/parse-json-5.2.0.tgz",
      "integrity": "sha512-ayCKvm/phCGxOkYRSCM82iDwct8/EonSEgCSxWxD7ve6jHggsFl4fZVQBPRNgQoKiuV/odhFrGzQXZwbifC8Rg==",
      "license": "MIT",
      "dependencies": {
        "@babel/code-frame": "^7.0.0",
        "error-ex": "^1.3.1",
        "json-parse-even-better-errors": "^2.3.0",
        "lines-and-columns": "^1.1.6"
      },
      "engines": {
        "node": ">=8"
      },
      "funding": {
        "url": "https://github.com/sponsors/sindresorhus"
      }
    },
    "node_modules/picocolors": {
      "version": "1.1.1",
      "resolved": "https://registry.npmjs.org/picocolors/-/picocolors-1.1.1.tgz",
      "integrity": "sha512-xceH2snhtb5M9liqDsmEw56le376mTZkEX/jEb/RxNFyegNul7eNslCXP9FDj/Lcu0X8KEyMceP2ntpaHrDEVA==",
      "license": "ISC"
    },
    "node_modules/postcss": {
      "version": "8.5.1",
      "resolved": "https://registry.npmjs.org/postcss/-/postcss-8.5.1.tgz",
      "integrity": "sha512-6oz2beyjc5VMn/KV1pPw8fliQkhBXrVn1Z3TVyqZxU8kZpzEKhBdmCFqI6ZbmGtamQvQGuU1sgPTk8ZrXDD7jQ==",
      "funding": [
        {
          "type": "opencollective",
          "url": "https://opencollective.com/postcss/"
        },
        {
          "type": "tidelift",
          "url": "https://tidelift.com/funding/github/npm/postcss"
        },
        {
          "type": "github",
          "url": "https://github.com/sponsors/ai"
        }
      ],
      "license": "MIT",
      "dependencies": {
        "nanoid": "^3.3.8",
        "picocolors": "^1.1.1",
        "source-map-js": "^1.2.1"
      },
      "engines": {
        "node": "^10 || ^12 || >=14"
      }
    },
    "node_modules/postcss-loader": {
      "version": "8.1.1",
      "resolved": "https://registry.npmjs.org/postcss-loader/-/postcss-loader-8.1.1.tgz",
      "integrity": "sha512-0IeqyAsG6tYiDRCYKQJLAmgQr47DX6N7sFSWvQxt6AcupX8DIdmykuk/o/tx0Lze3ErGHJEp5OSRxrelC6+NdQ==",
      "license": "MIT",
      "dependencies": {
        "cosmiconfig": "^9.0.0",
        "jiti": "^1.20.0",
        "semver": "^7.5.4"
      },
      "engines": {
        "node": ">= 18.12.0"
      },
      "funding": {
        "type": "opencollective",
        "url": "https://opencollective.com/webpack"
      },
      "peerDependencies": {
        "@rspack/core": "0.x || 1.x",
        "postcss": "^7.0.0 || ^8.0.1",
        "webpack": "^5.0.0"
      },
      "peerDependenciesMeta": {
        "@rspack/core": {
          "optional": true
        },
        "webpack": {
          "optional": true
        }
      }
    },
    "node_modules/postcss-modules-extract-imports": {
      "version": "3.1.0",
      "resolved": "https://registry.npmjs.org/postcss-modules-extract-imports/-/postcss-modules-extract-imports-3.1.0.tgz",
      "integrity": "sha512-k3kNe0aNFQDAZGbin48pL2VNidTF0w4/eASDsxlyspobzU3wZQLOGj7L9gfRe0Jo9/4uud09DsjFNH7winGv8Q==",
      "license": "ISC",
      "engines": {
        "node": "^10 || ^12 || >= 14"
      },
      "peerDependencies": {
        "postcss": "^8.1.0"
      }
    },
    "node_modules/postcss-modules-local-by-default": {
      "version": "4.2.0",
      "resolved": "https://registry.npmjs.org/postcss-modules-local-by-default/-/postcss-modules-local-by-default-4.2.0.tgz",
      "integrity": "sha512-5kcJm/zk+GJDSfw+V/42fJ5fhjL5YbFDl8nVdXkJPLLW+Vf9mTD5Xe0wqIaDnLuL2U6cDNpTr+UQ+v2HWIBhzw==",
      "license": "MIT",
      "dependencies": {
        "icss-utils": "^5.0.0",
        "postcss-selector-parser": "^7.0.0",
        "postcss-value-parser": "^4.1.0"
      },
      "engines": {
        "node": "^10 || ^12 || >= 14"
      },
      "peerDependencies": {
        "postcss": "^8.1.0"
      }
    },
    "node_modules/postcss-modules-scope": {
      "version": "3.2.1",
      "resolved": "https://registry.npmjs.org/postcss-modules-scope/-/postcss-modules-scope-3.2.1.tgz",
      "integrity": "sha512-m9jZstCVaqGjTAuny8MdgE88scJnCiQSlSrOWcTQgM2t32UBe+MUmFSO5t7VMSfAf/FJKImAxBav8ooCHJXCJA==",
      "license": "ISC",
      "dependencies": {
        "postcss-selector-parser": "^7.0.0"
      },
      "engines": {
        "node": "^10 || ^12 || >= 14"
      },
      "peerDependencies": {
        "postcss": "^8.1.0"
      }
    },
    "node_modules/postcss-modules-values": {
      "version": "4.0.0",
      "resolved": "https://registry.npmjs.org/postcss-modules-values/-/postcss-modules-values-4.0.0.tgz",
      "integrity": "sha512-RDxHkAiEGI78gS2ofyvCsu7iycRv7oqw5xMWn9iMoR0N/7mf9D50ecQqUo5BZ9Zh2vH4bCUR/ktCqbB9m8vJjQ==",
      "license": "ISC",
      "dependencies": {
        "icss-utils": "^5.0.0"
      },
      "engines": {
        "node": "^10 || ^12 || >= 14"
      },
      "peerDependencies": {
        "postcss": "^8.1.0"
      }
    },
    "node_modules/postcss-selector-parser": {
      "version": "7.1.0",
      "resolved": "https://registry.npmjs.org/postcss-selector-parser/-/postcss-selector-parser-7.1.0.tgz",
      "integrity": "sha512-8sLjZwK0R+JlxlYcTuVnyT2v+htpdrjDOKuMcOVdYjt52Lh8hWRYpxBPoKx/Zg+bcjc3wx6fmQevMmUztS/ccA==",
      "license": "MIT",
      "dependencies": {
        "cssesc": "^3.0.0",
        "util-deprecate": "^1.0.2"
      },
      "engines": {
        "node": ">=4"
      }
    },
    "node_modules/postcss-value-parser": {
      "version": "4.2.0",
      "resolved": "https://registry.npmjs.org/postcss-value-parser/-/postcss-value-parser-4.2.0.tgz",
      "integrity": "sha512-1NNCs6uurfkVbeXG4S8JFT9t19m45ICnif8zWLd5oPSZ50QnwMfK+H3jv408d4jw/7Bttv5axS5IiHoLaVNHeQ==",
      "license": "MIT"
    },
    "node_modules/prop-types": {
      "resolved": "../../node_modules/.pnpm/prop-types@15.8.1/node_modules/prop-types",
      "link": true
    },
    "node_modules/react": {
      "version": "19.0.0",
      "resolved": "https://registry.npmjs.org/react/-/react-19.0.0.tgz",
      "integrity": "sha512-V8AVnmPIICiWpGfm6GLzCR/W5FXLchHop40W4nXBmdlEceh16rCN8O8LNWm5bh5XUX91fh7KpA+W0TgMKmgTpQ==",
      "license": "MIT",
      "engines": {
        "node": ">=0.10.0"
      }
    },
    "node_modules/react-dom": {
      "version": "19.0.0",
      "resolved": "https://registry.npmjs.org/react-dom/-/react-dom-19.0.0.tgz",
      "integrity": "sha512-4GV5sHFG0e/0AD4X+ySy6UJd3jVl1iNsNHdpad0qhABJ11twS3TTBnseqsKurKcsNqCEFeGL3uLpVChpIO3QfQ==",
      "license": "MIT",
      "dependencies": {
        "scheduler": "^0.25.0"
      },
      "peerDependencies": {
        "react": "^19.0.0"
      }
    },
    "node_modules/resolve-from": {
      "version": "4.0.0",
      "resolved": "https://registry.npmjs.org/resolve-from/-/resolve-from-4.0.0.tgz",
      "integrity": "sha512-pb/MYmXstAkysRFx8piNI1tGFNQIFA3vkE3Gq4EuA1dF6gHp/+vgZqsCGJapvy8N3Q+4o7FwvquPJcnZ7RYy4g==",
      "license": "MIT",
      "engines": {
        "node": ">=4"
      }
    },
    "node_modules/scheduler": {
      "version": "0.25.0",
      "resolved": "https://registry.npmjs.org/scheduler/-/scheduler-0.25.0.tgz",
      "integrity": "sha512-xFVuu11jh+xcO7JOAGJNOXld8/TcEHK/4CituBUeUb5hqxJLj9YuemAEuvm9gQ/+pgXYfbQuqAkiYu+u7YEsNA==",
      "license": "MIT"
    },
    "node_modules/semver": {
      "version": "7.7.1",
      "resolved": "https://registry.npmjs.org/semver/-/semver-7.7.1.tgz",
      "integrity": "sha512-hlq8tAfn0m/61p4BVRcPzIGr6LKiMwo4VM6dGi6pt4qcRkmNzTcWq6eCEjEh+qXjkMDvPlOFFSGwQjoEa6gyMA==",
      "license": "ISC",
      "bin": {
        "semver": "bin/semver.js"
      },
      "engines": {
        "node": ">=10"
      }
    },
    "node_modules/source-map-js": {
      "version": "1.2.1",
      "resolved": "https://registry.npmjs.org/source-map-js/-/source-map-js-1.2.1.tgz",
      "integrity": "sha512-UXWMKhLOwVKb728IUtQPXxfYU+usdybtUrK/8uGE8CQMvrhOpwvzDBwj0QhSL7MQc7vIsISBG8VQ8+IDQxpfQA==",
      "license": "BSD-3-Clause",
      "engines": {
        "node": ">=0.10.0"
      }
    },
    "node_modules/storybook": {
      "resolved": "../../node_modules/.pnpm/storybook@8.5.1_prettier@3.4.2/node_modules/storybook",
      "link": true
    },
    "node_modules/typescript": {
      "version": "5.7.3",
      "resolved": "https://registry.npmjs.org/typescript/-/typescript-5.7.3.tgz",
      "integrity": "sha512-84MVSjMEHP+FQRPy3pX9sTVV/INIex71s9TL2Gm5FG/WG1SqXeKyZ0k7/blY/4FdOzI12CBy1vGc4og/eus0fw==",
      "devOptional": true,
      "license": "Apache-2.0",
      "bin": {
        "tsc": "bin/tsc",
        "tsserver": "bin/tsserver"
      },
      "engines": {
        "node": ">=14.17"
      }
    },
    "node_modules/update-browserslist-db": {
      "version": "1.1.2",
      "resolved": "https://registry.npmjs.org/update-browserslist-db/-/update-browserslist-db-1.1.2.tgz",
      "integrity": "sha512-PPypAm5qvlD7XMZC3BujecnaOxwhrtoFR+Dqkk5Aa/6DssiH0ibKoketaj9w8LP7Bont1rYeoV5plxD7RTEPRg==",
      "funding": [
        {
          "type": "opencollective",
          "url": "https://opencollective.com/browserslist"
        },
        {
          "type": "tidelift",
          "url": "https://tidelift.com/funding/github/npm/browserslist"
        },
        {
          "type": "github",
          "url": "https://github.com/sponsors/ai"
        }
      ],
      "license": "MIT",
      "dependencies": {
        "escalade": "^3.2.0",
        "picocolors": "^1.1.1"
      },
      "bin": {
        "update-browserslist-db": "cli.js"
      },
      "peerDependencies": {
        "browserslist": ">= 4.21.0"
      }
    },
    "node_modules/util-deprecate": {
      "version": "1.0.2",
      "resolved": "https://registry.npmjs.org/util-deprecate/-/util-deprecate-1.0.2.tgz",
      "integrity": "sha512-EPD5q1uXyFxJpCrLnCc1nHnq3gOa6DZBocAIiI2TaSCA7VCJ1UJDMagCzIkXNsUYfD1daK//LTEQ8xiIbrHtcw==",
      "license": "MIT"
    }
  }
}
